
Microsoft Visual Studio Solution File, Format Version 12.00
# Visual Studio Version 16
VisualStudioVersion = 16.0.30204.135
MinimumVisualStudioVersion = 10.0.40219.1
Project("{9A19103F-16F7-4668-BE54-9A1E7A4F7556}") = "rgat", "rgatCore\rgat.csproj", "{716AA790-2641-49A0-8669-CD6454E69AD2}"
	ProjectSection(ProjectDependencies) = postProject
		{BC4BF130-4CA5-4A51-B6D6-4710586D81A0} = {BC4BF130-4CA5-4A51-B6D6-4710586D81A0}
	EndProjectSection
EndProject
Project("{8BC9CEB8-8B4A-11D0-8D11-00A0C91BC942}") = "pinTool", "pinTool\drgatPin.vcxproj", "{BC4BF130-4CA5-4A51-B6D6-4710586D81A0}"
EndProject
Project("{2150E333-8FDC-42A3-9474-1A3956D46DE8}") = "Tests", "Tests", "{F921FEC8-0EDC-4673-914D-F7D06798405B}"
EndProject
Project("{8BC9CEB8-8B4A-11D0-8D11-00A0C91BC942}") = "ConsolePrint32", "tests\Windows\ConsolePrint32\ConsolePrint32.vcxproj", "{51EA169B-2A9B-42EB-A5DB-1C2EE8083E2D}"
EndProject
Project("{8BC9CEB8-8B4A-11D0-8D11-00A0C91BC942}") = "SimpleLoops32", "tests\Windows\SimpleLoops32\SimpleLoops.vcxproj", "{83D10FDA-EA95-437C-A0B7-95B9B3F38041}"
EndProject
Project("{2150E333-8FDC-42A3-9474-1A3956D46DE8}") = "Windows", "Windows", "{DBC2EA77-65BC-499C-88F8-292971674B51}"
EndProject
Project("{8BC9CEB8-8B4A-11D0-8D11-00A0C91BC942}") = "ApiLoops32", "tests\Windows\ApiLoops32\ApiLoops32.vcxproj", "{DEC9BFB5-34F8-4311-85C0-B26C07C74EF2}"
EndProject
Project("{8BC9CEB8-8B4A-11D0-8D11-00A0C91BC942}") = "Functions32", "tests\Windows\Function32\Function32.vcxproj", "{BC05FD1A-1AF4-4891-9A2E-B24B4E2CBCF0}"
EndProject
Project("{8BC9CEB8-8B4A-11D0-8D11-00A0C91BC942}") = "BlockingAPI", "tests\Windows\BlockingAPI\BlockingAPI.vcxproj", "{BA9A0A88-BC52-4FB0-BAC5-31837FFE5D28}"
EndProject
Project("{8BC9CEB8-8B4A-11D0-8D11-00A0C91BC942}") = "UncommonBranches32", "tests\Windows\UncommonBranches32\UncommonBranches32.vcxproj", "{41915D90-E185-41B9-994B-AA7E64673482}"
EndProject
Project("{8BC9CEB8-8B4A-11D0-8D11-00A0C91BC942}") = "LargeBlocks32", "tests\Windows\LargeBlocks\LargeBlocks.vcxproj", "{DC560B80-18A9-4647-851E-167634D69DCD}"
EndProject
Project("{8BC9CEB8-8B4A-11D0-8D11-00A0C91BC942}") = "FileAPITest", "tests\Windows\FileAPITest\FileAPITest.vcxproj", "{F0FAA487-A90E-4AC1-AD06-22C5FF794CC6}"
EndProject
Project("{8BC9CEB8-8B4A-11D0-8D11-00A0C91BC942}") = "RegistryAPITest", "tests\Windows\RegistryAPITest\RegistryAPITest.vcxproj", "{6428EFF6-1A40-4157-A713-F92B7E868241}"
EndProject
Project("{8BC9CEB8-8B4A-11D0-8D11-00A0C91BC942}") = "DllLoader32", "rgatDLLRunner\rgatDLLRunner.vcxproj", "{45163E2D-41AB-40A9-BCAA-9AFCE0ECCB25}"
EndProject
Project("{8BC9CEB8-8B4A-11D0-8D11-00A0C91BC942}") = "DllLoader64", "DllLoader64\DllLoader64.vcxproj", "{EE9D1058-F2D9-48CB-9D49-C5600F4FB3F7}"
EndProject
Project("{9A19103F-16F7-4668-BE54-9A1E7A4F7556}") = "UpdateFinaliser", "UpdateFinaliser\UpdateFinaliser.csproj", "{2B0F8588-E3EF-47A5-984B-2671A1A105D2}"
EndProject
Project("{8BC9CEB8-8B4A-11D0-8D11-00A0C91BC942}") = "ConsolePrint64", "tests\Windows\ConsolePrint64\ConsolePrint64.vcxproj", "{1C355499-318B-4000-B82E-A8F51CB1D03B}"
EndProject
Global
	GlobalSection(SolutionConfigurationPlatforms) = preSolution
		Debug|Any CPU = Debug|Any CPU
		Debug|x64 = Debug|x64
		Debug|x86 = Debug|x86
		Release|Any CPU = Release|Any CPU
		Release|x64 = Release|x64
		Release|x86 = Release|x86
	EndGlobalSection
	GlobalSection(ProjectConfigurationPlatforms) = postSolution
		{716AA790-2641-49A0-8669-CD6454E69AD2}.Debug|Any CPU.ActiveCfg = Debug|Any CPU
		{716AA790-2641-49A0-8669-CD6454E69AD2}.Debug|Any CPU.Build.0 = Debug|Any CPU
		{716AA790-2641-49A0-8669-CD6454E69AD2}.Debug|x64.ActiveCfg = Debug|Any CPU
		{716AA790-2641-49A0-8669-CD6454E69AD2}.Debug|x86.ActiveCfg = Debug|Any CPU
		{716AA790-2641-49A0-8669-CD6454E69AD2}.Release|Any CPU.ActiveCfg = Release|Any CPU
		{716AA790-2641-49A0-8669-CD6454E69AD2}.Release|Any CPU.Build.0 = Release|Any CPU
		{716AA790-2641-49A0-8669-CD6454E69AD2}.Release|x64.ActiveCfg = Release|Any CPU
		{716AA790-2641-49A0-8669-CD6454E69AD2}.Release|x86.ActiveCfg = Release|Any CPU
		{716AA790-2641-49A0-8669-CD6454E69AD2}.Release|x86.Build.0 = Release|Any CPU
		{BC4BF130-4CA5-4A51-B6D6-4710586D81A0}.Debug|Any CPU.ActiveCfg = Debug|Win32
		{BC4BF130-4CA5-4A51-B6D6-4710586D81A0}.Debug|x64.ActiveCfg = Debug|x64
		{BC4BF130-4CA5-4A51-B6D6-4710586D81A0}.Debug|x64.Build.0 = Debug|x64
		{BC4BF130-4CA5-4A51-B6D6-4710586D81A0}.Debug|x86.ActiveCfg = Debug|Win32
		{BC4BF130-4CA5-4A51-B6D6-4710586D81A0}.Debug|x86.Build.0 = Debug|Win32
		{BC4BF130-4CA5-4A51-B6D6-4710586D81A0}.Release|Any CPU.ActiveCfg = Release|Win32
		{BC4BF130-4CA5-4A51-B6D6-4710586D81A0}.Release|x64.ActiveCfg = Release|x64
		{BC4BF130-4CA5-4A51-B6D6-4710586D81A0}.Release|x64.Build.0 = Release|x64
		{BC4BF130-4CA5-4A51-B6D6-4710586D81A0}.Release|x86.ActiveCfg = Release|Win32
		{BC4BF130-4CA5-4A51-B6D6-4710586D81A0}.Release|x86.Build.0 = Release|Win32
		{51EA169B-2A9B-42EB-A5DB-1C2EE8083E2D}.Debug|Any CPU.ActiveCfg = Debug|Win32
		{51EA169B-2A9B-42EB-A5DB-1C2EE8083E2D}.Debug|x64.ActiveCfg = Debug|x64
		{51EA169B-2A9B-42EB-A5DB-1C2EE8083E2D}.Debug|x86.ActiveCfg = Debug|Win32
		{51EA169B-2A9B-42EB-A5DB-1C2EE8083E2D}.Debug|x86.Build.0 = Debug|Win32
		{51EA169B-2A9B-42EB-A5DB-1C2EE8083E2D}.Release|Any CPU.ActiveCfg = Release|Win32
		{51EA169B-2A9B-42EB-A5DB-1C2EE8083E2D}.Release|x64.ActiveCfg = Release|Win32
		{51EA169B-2A9B-42EB-A5DB-1C2EE8083E2D}.Release|x86.ActiveCfg = Release|Win32
		{51EA169B-2A9B-42EB-A5DB-1C2EE8083E2D}.Release|x86.Build.0 = Release|Win32
		{83D10FDA-EA95-437C-A0B7-95B9B3F38041}.Debug|Any CPU.ActiveCfg = Debug|Win32
		{83D10FDA-EA95-437C-A0B7-95B9B3F38041}.Debug|x64.ActiveCfg = Debug|x64
		{83D10FDA-EA95-437C-A0B7-95B9B3F38041}.Debug|x86.ActiveCfg = Debug|Win32
		{83D10FDA-EA95-437C-A0B7-95B9B3F38041}.Debug|x86.Build.0 = Debug|Win32
		{83D10FDA-EA95-437C-A0B7-95B9B3F38041}.Release|Any CPU.ActiveCfg = Release|Win32
		{83D10FDA-EA95-437C-A0B7-95B9B3F38041}.Release|x64.ActiveCfg = Release|x64
		{83D10FDA-EA95-437C-A0B7-95B9B3F38041}.Release|x86.ActiveCfg = Release|Win32
		{83D10FDA-EA95-437C-A0B7-95B9B3F38041}.Release|x86.Build.0 = Release|Win32
		{DEC9BFB5-34F8-4311-85C0-B26C07C74EF2}.Debug|Any CPU.ActiveCfg = Debug|Win32
		{DEC9BFB5-34F8-4311-85C0-B26C07C74EF2}.Debug|x64.ActiveCfg = Debug|x64
		{DEC9BFB5-34F8-4311-85C0-B26C07C74EF2}.Debug|x86.ActiveCfg = Debug|Win32
		{DEC9BFB5-34F8-4311-85C0-B26C07C74EF2}.Debug|x86.Build.0 = Debug|Win32
		{DEC9BFB5-34F8-4311-85C0-B26C07C74EF2}.Release|Any CPU.ActiveCfg = Release|Win32
		{DEC9BFB5-34F8-4311-85C0-B26C07C74EF2}.Release|x64.ActiveCfg = Release|Win32
		{DEC9BFB5-34F8-4311-85C0-B26C07C74EF2}.Release|x86.ActiveCfg = Release|Win32
		{DEC9BFB5-34F8-4311-85C0-B26C07C74EF2}.Release|x86.Build.0 = Release|Win32
		{BC05FD1A-1AF4-4891-9A2E-B24B4E2CBCF0}.Debug|Any CPU.ActiveCfg = Debug|Win32
		{BC05FD1A-1AF4-4891-9A2E-B24B4E2CBCF0}.Debug|x64.ActiveCfg = Debug|x64
		{BC05FD1A-1AF4-4891-9A2E-B24B4E2CBCF0}.Debug|x86.ActiveCfg = Debug|Win32
		{BC05FD1A-1AF4-4891-9A2E-B24B4E2CBCF0}.Debug|x86.Build.0 = Debug|Win32
		{BC05FD1A-1AF4-4891-9A2E-B24B4E2CBCF0}.Release|Any CPU.ActiveCfg = Release|Win32
		{BC05FD1A-1AF4-4891-9A2E-B24B4E2CBCF0}.Release|x64.ActiveCfg = Release|x64
		{BC05FD1A-1AF4-4891-9A2E-B24B4E2CBCF0}.Release|x86.ActiveCfg = Release|Win32
		{BC05FD1A-1AF4-4891-9A2E-B24B4E2CBCF0}.Release|x86.Build.0 = Release|Win32
		{BA9A0A88-BC52-4FB0-BAC5-31837FFE5D28}.Debug|Any CPU.ActiveCfg = Debug|Win32
		{BA9A0A88-BC52-4FB0-BAC5-31837FFE5D28}.Debug|x64.ActiveCfg = Debug|x64
		{BA9A0A88-BC52-4FB0-BAC5-31837FFE5D28}.Debug|x86.ActiveCfg = Debug|Win32
		{BA9A0A88-BC52-4FB0-BAC5-31837FFE5D28}.Debug|x86.Build.0 = Debug|Win32
		{BA9A0A88-BC52-4FB0-BAC5-31837FFE5D28}.Release|Any CPU.ActiveCfg = Release|Win32
		{BA9A0A88-BC52-4FB0-BAC5-31837FFE5D28}.Release|x64.ActiveCfg = Release|Win32
		{BA9A0A88-BC52-4FB0-BAC5-31837FFE5D28}.Release|x86.ActiveCfg = Release|Win32
		{BA9A0A88-BC52-4FB0-BAC5-31837FFE5D28}.Release|x86.Build.0 = Release|Win32
		{41915D90-E185-41B9-994B-AA7E64673482}.Debug|Any CPU.ActiveCfg = Debug|Win32
		{41915D90-E185-41B9-994B-AA7E64673482}.Debug|x64.ActiveCfg = Debug|x64
		{41915D90-E185-41B9-994B-AA7E64673482}.Debug|x86.ActiveCfg = Debug|Win32
		{41915D90-E185-41B9-994B-AA7E64673482}.Debug|x86.Build.0 = Debug|Win32
		{41915D90-E185-41B9-994B-AA7E64673482}.Release|Any CPU.ActiveCfg = Release|Win32
		{41915D90-E185-41B9-994B-AA7E64673482}.Release|x64.ActiveCfg = Release|x64
		{41915D90-E185-41B9-994B-AA7E64673482}.Release|x86.ActiveCfg = Release|Win32
		{41915D90-E185-41B9-994B-AA7E64673482}.Release|x86.Build.0 = Release|Win32
		{DC560B80-18A9-4647-851E-167634D69DCD}.Debug|Any CPU.ActiveCfg = Debug|Win32
		{DC560B80-18A9-4647-851E-167634D69DCD}.Debug|x64.ActiveCfg = Debug|x64
		{DC560B80-18A9-4647-851E-167634D69DCD}.Debug|x86.ActiveCfg = Debug|Win32
		{DC560B80-18A9-4647-851E-167634D69DCD}.Debug|x86.Build.0 = Debug|Win32
		{DC560B80-18A9-4647-851E-167634D69DCD}.Release|Any CPU.ActiveCfg = Release|Win32
		{DC560B80-18A9-4647-851E-167634D69DCD}.Release|x64.ActiveCfg = Release|x64
		{DC560B80-18A9-4647-851E-167634D69DCD}.Release|x86.ActiveCfg = Release|Win32
		{DC560B80-18A9-4647-851E-167634D69DCD}.Release|x86.Build.0 = Release|Win32
		{F0FAA487-A90E-4AC1-AD06-22C5FF794CC6}.Debug|Any CPU.ActiveCfg = Debug|Win32
		{F0FAA487-A90E-4AC1-AD06-22C5FF794CC6}.Debug|x64.ActiveCfg = Debug|x64
		{F0FAA487-A90E-4AC1-AD06-22C5FF794CC6}.Debug|x64.Build.0 = Debug|x64
		{F0FAA487-A90E-4AC1-AD06-22C5FF794CC6}.Debug|x86.ActiveCfg = Debug|Win32
		{F0FAA487-A90E-4AC1-AD06-22C5FF794CC6}.Debug|x86.Build.0 = Debug|Win32
		{F0FAA487-A90E-4AC1-AD06-22C5FF794CC6}.Release|Any CPU.ActiveCfg = Release|Win32
		{F0FAA487-A90E-4AC1-AD06-22C5FF794CC6}.Release|x64.ActiveCfg = Release|x64
		{F0FAA487-A90E-4AC1-AD06-22C5FF794CC6}.Release|x64.Build.0 = Release|x64
		{F0FAA487-A90E-4AC1-AD06-22C5FF794CC6}.Release|x86.ActiveCfg = Release|Win32
		{F0FAA487-A90E-4AC1-AD06-22C5FF794CC6}.Release|x86.Build.0 = Release|Win32
		{6428EFF6-1A40-4157-A713-F92B7E868241}.Debug|Any CPU.ActiveCfg = Debug|Win32
		{6428EFF6-1A40-4157-A713-F92B7E868241}.Debug|x64.ActiveCfg = Debug|x64
		{6428EFF6-1A40-4157-A713-F92B7E868241}.Debug|x64.Build.0 = Debug|x64
		{6428EFF6-1A40-4157-A713-F92B7E868241}.Debug|x86.ActiveCfg = Debug|Win32
		{6428EFF6-1A40-4157-A713-F92B7E868241}.Debug|x86.Build.0 = Debug|Win32
		{6428EFF6-1A40-4157-A713-F92B7E868241}.Release|Any CPU.ActiveCfg = Release|Win32
		{6428EFF6-1A40-4157-A713-F92B7E868241}.Release|x64.ActiveCfg = Release|x64
		{6428EFF6-1A40-4157-A713-F92B7E868241}.Release|x64.Build.0 = Release|x64
		{6428EFF6-1A40-4157-A713-F92B7E868241}.Release|x86.ActiveCfg = Release|Win32
		{6428EFF6-1A40-4157-A713-F92B7E868241}.Release|x86.Build.0 = Release|Win32
		{45163E2D-41AB-40A9-BCAA-9AFCE0ECCB25}.Debug|Any CPU.ActiveCfg = Debug|Win32
		{45163E2D-41AB-40A9-BCAA-9AFCE0ECCB25}.Debug|x64.ActiveCfg = Debug|Win32
		{45163E2D-41AB-40A9-BCAA-9AFCE0ECCB25}.Debug|x86.ActiveCfg = Debug|Win32
		{45163E2D-41AB-40A9-BCAA-9AFCE0ECCB25}.Debug|x86.Build.0 = Debug|Win32
		{45163E2D-41AB-40A9-BCAA-9AFCE0ECCB25}.Release|Any CPU.ActiveCfg = Release|Win32
		{45163E2D-41AB-40A9-BCAA-9AFCE0ECCB25}.Release|x64.ActiveCfg = Release|Win32
		{45163E2D-41AB-40A9-BCAA-9AFCE0ECCB25}.Release|x86.ActiveCfg = Release|Win32
		{45163E2D-41AB-40A9-BCAA-9AFCE0ECCB25}.Release|x86.Build.0 = Release|Win32
		{EE9D1058-F2D9-48CB-9D49-C5600F4FB3F7}.Debug|Any CPU.ActiveCfg = Debug|x64
		{EE9D1058-F2D9-48CB-9D49-C5600F4FB3F7}.Debug|x64.ActiveCfg = Debug|x64
		{EE9D1058-F2D9-48CB-9D49-C5600F4FB3F7}.Debug|x64.Build.0 = Debug|x64
		{EE9D1058-F2D9-48CB-9D49-C5600F4FB3F7}.Debug|x86.ActiveCfg = Debug|x64
		{EE9D1058-F2D9-48CB-9D49-C5600F4FB3F7}.Release|Any CPU.ActiveCfg = Release|x64
		{EE9D1058-F2D9-48CB-9D49-C5600F4FB3F7}.Release|x64.ActiveCfg = Release|x64
		{EE9D1058-F2D9-48CB-9D49-C5600F4FB3F7}.Release|x64.Build.0 = Release|x64
		{EE9D1058-F2D9-48CB-9D49-C5600F4FB3F7}.Release|x86.ActiveCfg = Release|x64
		{2B0F8588-E3EF-47A5-984B-2671A1A105D2}.Debug|Any CPU.ActiveCfg = Debug|Any CPU
		{2B0F8588-E3EF-47A5-984B-2671A1A105D2}.Debug|Any CPU.Build.0 = Debug|Any CPU
		{2B0F8588-E3EF-47A5-984B-2671A1A105D2}.Debug|x64.ActiveCfg = Debug|Any CPU
		{2B0F8588-E3EF-47A5-984B-2671A1A105D2}.Debug|x86.ActiveCfg = Debug|Any CPU
		{2B0F8588-E3EF-47A5-984B-2671A1A105D2}.Release|Any CPU.ActiveCfg = Release|Any CPU
		{2B0F8588-E3EF-47A5-984B-2671A1A105D2}.Release|Any CPU.Build.0 = Release|Any CPU
		{2B0F8588-E3EF-47A5-984B-2671A1A105D2}.Release|x64.ActiveCfg = Release|Any CPU
		{2B0F8588-E3EF-47A5-984B-2671A1A105D2}.Release|x86.ActiveCfg = Release|Any CPU
		{2B0F8588-E3EF-47A5-984B-2671A1A105D2}.Release|x86.Build.0 = Release|Any CPU
		{1C355499-318B-4000-B82E-A8F51CB1D03B}.Debug|Any CPU.ActiveCfg = Debug|Win32
		{1C355499-318B-4000-B82E-A8F51CB1D03B}.Debug|x64.ActiveCfg = Debug|x64
		{1C355499-318B-4000-B82E-A8F51CB1D03B}.Debug|x64.Build.0 = Debug|x64
		{1C355499-318B-4000-B82E-A8F51CB1D03B}.Debug|x86.ActiveCfg = Debug|Win32
		{1C355499-318B-4000-B82E-A8F51CB1D03B}.Release|Any CPU.ActiveCfg = Release|Win32
		{1C355499-318B-4000-B82E-A8F51CB1D03B}.Release|x64.ActiveCfg = Release|x64
		{1C355499-318B-4000-B82E-A8F51CB1D03B}.Release|x64.Build.0 = Release|x64
		{1C355499-318B-4000-B82E-A8F51CB1D03B}.Release|x86.ActiveCfg = Release|Win32
	EndGlobalSection
	GlobalSection(SolutionProperties) = preSolution
		HideSolutionNode = FALSE
	EndGlobalSection
	GlobalSection(NestedProjects) = preSolution
		{51EA169B-2A9B-42EB-A5DB-1C2EE8083E2D} = {DBC2EA77-65BC-499C-88F8-292971674B51}
		{83D10FDA-EA95-437C-A0B7-95B9B3F38041} = {DBC2EA77-65BC-499C-88F8-292971674B51}
		{DBC2EA77-65BC-499C-88F8-292971674B51} = {F921FEC8-0EDC-4673-914D-F7D06798405B}
		{DEC9BFB5-34F8-4311-85C0-B26C07C74EF2} = {DBC2EA77-65BC-499C-88F8-292971674B51}
		{BC05FD1A-1AF4-4891-9A2E-B24B4E2CBCF0} = {DBC2EA77-65BC-499C-88F8-292971674B51}
		{BA9A0A88-BC52-4FB0-BAC5-31837FFE5D28} = {DBC2EA77-65BC-499C-88F8-292971674B51}
		{41915D90-E185-41B9-994B-AA7E64673482} = {DBC2EA77-65BC-499C-88F8-292971674B51}
		{DC560B80-18A9-4647-851E-167634D69DCD} = {DBC2EA77-65BC-499C-88F8-292971674B51}
		{F0FAA487-A90E-4AC1-AD06-22C5FF794CC6} = {DBC2EA77-65BC-499C-88F8-292971674B51}
		{6428EFF6-1A40-4157-A713-F92B7E868241} = {DBC2EA77-65BC-499C-88F8-292971674B51}
		{1C355499-318B-4000-B82E-A8F51CB1D03B} = {DBC2EA77-65BC-499C-88F8-292971674B51}
	EndGlobalSection
	GlobalSection(ExtensibilityGlobals) = postSolution
		SolutionGuid = {21095FE3-868B-4302-8C79-0573A3EAF4F3}
	EndGlobalSection
EndGlobal
