<?xml version="1.0" encoding="utf-8"?>
<Project ToolsVersion="4.0" xmlns="http://schemas.microsoft.com/developer/msbuild/2003">
  <ItemGroup>
    <Filter Include="Source Files">
      <UniqueIdentifier>{4FC737F1-C7A5-4376-A066-2A32D752A2FF}</UniqueIdentifier>
      <Extensions>cpp;c;cc;cxx;def;odl;idl;hpj;bat;asm;asmx</Extensions>
    </Filter>
    <Filter Include="Header Files">
      <UniqueIdentifier>{93995380-89BD-4b04-88EB-625FBE52EBFB}</UniqueIdentifier>
      <Extensions>h;hh;hpp;hxx;hm;inl;inc;xsd</Extensions>
    </Filter>
    <Filter Include="Resource Files">
      <UniqueIdentifier>{67DA6AB6-F800-4c08-8B7A-83BB121AAD01}</UniqueIdentifier>
      <Extensions>rc;ico;cur;bmp;dlg;rc2;rct;bin;rgs;gif;jpg;jpeg;jpe;resx;tiff;tif;png;wav;mfcribbon-ms</Extensions>
    </Filter>
    <Filter Include="Source Files\agui">
      <UniqueIdentifier>{0587d8ad-39e7-4586-a730-dc7cf35a1e94}</UniqueIdentifier>
    </Filter>
    <Filter Include="Header Files\interface">
      <UniqueIdentifier>{4469b0aa-cd4d-440c-a17f-223b9e96a6c2}</UniqueIdentifier>
    </Filter>
    <Filter Include="Source Files\interface">
      <UniqueIdentifier>{fb31469c-5f01-48ef-afdd-4622a5d592ec}</UniqueIdentifier>
    </Filter>
    <Filter Include="Source Files\threads">
      <UniqueIdentifier>{3d1ee23c-88d9-4d04-9846-2b61b1a10508}</UniqueIdentifier>
    </Filter>
  </ItemGroup>
  <ItemGroup>
    <Text Include="ReadMe.txt" />
  </ItemGroup>
  <ItemGroup>
    <ClInclude Include="headers\graphicsMaths.h">
      <Filter>Header Files</Filter>
    </ClInclude>
    <ClInclude Include="headers\GUIConstants.h">
      <Filter>Header Files</Filter>
    </ClInclude>
    <ClInclude Include="headers\GUIStructs.h">
      <Filter>Header Files</Filter>
    </ClInclude>
    <ClInclude Include="headers\stdafx.h">
      <Filter>Header Files</Filter>
    </ClInclude>
    <ClInclude Include="headers\targetver.h">
      <Filter>Header Files</Filter>
    </ClInclude>
    <ClInclude Include="headers\rendering.h">
      <Filter>Header Files</Filter>
    </ClInclude>
    <ClInclude Include="headers\basicblock_handler.h">
      <Filter>Header Files</Filter>
    </ClInclude>
    <ClInclude Include="headers\traceConstants.h">
      <Filter>Header Files</Filter>
    </ClInclude>
    <ClInclude Include="headers\traceStructs.h">
      <Filter>Header Files</Filter>
    </ClInclude>
    <ClInclude Include="headers\module_handler.h">
      <Filter>Header Files</Filter>
    </ClInclude>
    <ClInclude Include="headers\traceMisc.h">
      <Filter>Header Files</Filter>
    </ClInclude>
    <ClInclude Include="headers\trace_handler.h">
      <Filter>Header Files</Filter>
    </ClInclude>
    <ClInclude Include="headers\b64.h">
      <Filter>Header Files</Filter>
    </ClInclude>
    <ClInclude Include="mathStructs.h">
      <Filter>Header Files</Filter>
    </ClInclude>
    <ClInclude Include="headers\edge_data.h">
      <Filter>Header Files</Filter>
    </ClInclude>
    <ClInclude Include="headers\thread_graph_data.h">
      <Filter>Header Files</Filter>
    </ClInclude>
    <ClInclude Include="headers\node_data.h">
      <Filter>Header Files</Filter>
    </ClInclude>
    <ClInclude Include="serialise.h">
      <Filter>Header Files</Filter>
    </ClInclude>
    <ClInclude Include="resource.h">
      <Filter>Header Files</Filter>
    </ClInclude>
    <ClInclude Include="headers\opengl_operations.h">
      <Filter>Header Files</Filter>
    </ClInclude>
    <ClInclude Include="headers\graph_display_data.h">
      <Filter>Header Files</Filter>
    </ClInclude>
    <ClInclude Include="timeline.h">
      <Filter>Header Files</Filter>
    </ClInclude>
    <ClInclude Include="headers\render_heatmap_thread.h">
      <Filter>Header Files</Filter>
    </ClInclude>
    <ClInclude Include="headers\render_conditional_thread.h">
      <Filter>Header Files</Filter>
    </ClInclude>
    <ClInclude Include="headers\render_preview_thread.h">
      <Filter>Header Files</Filter>
    </ClInclude>
    <ClInclude Include="headers\diff_plotter.h">
      <Filter>Header Files</Filter>
    </ClInclude>
    <ClInclude Include="animControls.h">
      <Filter>Header Files\interface</Filter>
    </ClInclude>
    <ClInclude Include="diffWindow.h">
      <Filter>Header Files\interface</Filter>
    </ClInclude>
    <ClInclude Include="highlightWindow.h">
      <Filter>Header Files\interface</Filter>
    </ClInclude>
    <ClInclude Include="headers\GUIManagement.h">
      <Filter>Header Files\interface</Filter>
    </ClInclude>
    <ClInclude Include="headers\preview_pane.h">
      <Filter>Header Files\interface</Filter>
    </ClInclude>
    <ClInclude Include="exeWindow.h">
      <Filter>Header Files\interface</Filter>
    </ClInclude>
    <ClInclude Include="OSspecific.h">
      <Filter>Header Files</Filter>
    </ClInclude>
  </ItemGroup>
  <ItemGroup>
    <ClCompile Include="stdafx.cpp">
      <Filter>Source Files</Filter>
    </ClCompile>
    <ClCompile Include="tracevis.cpp">
      <Filter>Source Files</Filter>
    </ClCompile>
    <ClCompile Include="graphicsMaths.cpp">
      <Filter>Source Files</Filter>
    </ClCompile>
    <ClCompile Include="rendering.cpp">
      <Filter>Source Files</Filter>
    </ClCompile>
    <ClCompile Include="GUIManagement.cpp">
      <Filter>Source Files</Filter>
    </ClCompile>
    <ClCompile Include="traceMisc.cpp">
      <Filter>Source Files</Filter>
    </ClCompile>
    <ClCompile Include="opengl_operations.cpp">
      <Filter>Source Files</Filter>
    </ClCompile>
    <ClCompile Include="b64.cpp">
      <Filter>Source Files</Filter>
    </ClCompile>
    <ClCompile Include="thread_graph_data.cpp">
      <Filter>Source Files</Filter>
    </ClCompile>
    <ClCompile Include="node_data.cpp">
      <Filter>Source Files</Filter>
    </ClCompile>
    <ClCompile Include="edge_data.cpp">
      <Filter>Source Files</Filter>
    </ClCompile>
    <ClCompile Include="serialise.cpp">
      <Filter>Source Files</Filter>
    </ClCompile>
    <ClCompile Include="..\Agui-master\src\Agui\ActionEvent.cpp">
      <Filter>Source Files\agui</Filter>
    </ClCompile>
    <ClCompile Include="..\Agui-master\src\Agui\ActionListener.cpp">
      <Filter>Source Files\agui</Filter>
    </ClCompile>
    <ClCompile Include="..\Agui-master\src\Agui\Backends\Allegro5\Allegro5CursorProvider.cpp">
      <Filter>Source Files\agui</Filter>
    </ClCompile>
    <ClCompile Include="..\Agui-master\src\Agui\Backends\Allegro5\Allegro5Font.cpp">
      <Filter>Source Files\agui</Filter>
    </ClCompile>
    <ClCompile Include="..\Agui-master\src\Agui\Backends\Allegro5\Allegro5FontLoader.cpp">
      <Filter>Source Files\agui</Filter>
    </ClCompile>
    <ClCompile Include="..\Agui-master\src\Agui\Backends\Allegro5\Allegro5Graphics.cpp">
      <Filter>Source Files\agui</Filter>
    </ClCompile>
    <ClCompile Include="..\Agui-master\src\Agui\Backends\Allegro5\Allegro5Image.cpp">
      <Filter>Source Files\agui</Filter>
    </ClCompile>
    <ClCompile Include="..\Agui-master\src\Agui\Backends\Allegro5\Allegro5ImageLoader.cpp">
      <Filter>Source Files\agui</Filter>
    </ClCompile>
    <ClCompile Include="..\Agui-master\src\Agui\Backends\Allegro5\Allegro5Input.cpp">
      <Filter>Source Files\agui</Filter>
    </ClCompile>
    <ClCompile Include="..\Agui-master\src\Agui\BaseTypes.cpp">
      <Filter>Source Files\agui</Filter>
    </ClCompile>
    <ClCompile Include="..\Agui-master\src\Agui\BlinkingEvent.cpp">
      <Filter>Source Files\agui</Filter>
    </ClCompile>
    <ClCompile Include="..\Agui-master\src\Agui\BorderLayout.cpp">
      <Filter>Source Files\agui</Filter>
    </ClCompile>
    <ClCompile Include="..\Agui-master\src\Agui\Widgets\Button\Button.cpp">
      <Filter>Source Files\agui</Filter>
    </ClCompile>
    <ClCompile Include="..\Agui-master\src\Agui\Widgets\Button\ButtonListener.cpp">
      <Filter>Source Files\agui</Filter>
    </ClCompile>
    <ClCompile Include="..\Agui-master\src\Agui\Widgets\Button\ButtonGroup.cpp">
      <Filter>Source Files\agui</Filter>
    </ClCompile>
    <ClCompile Include="..\Agui-master\src\Agui\Widgets\CheckBox\CheckBox.cpp">
      <Filter>Source Files\agui</Filter>
    </ClCompile>
    <ClCompile Include="..\Agui-master\src\Agui\Widgets\CheckBox\CheckBoxListener.cpp">
      <Filter>Source Files\agui</Filter>
    </ClCompile>
    <ClCompile Include="..\Agui-master\src\Agui\Clipboard\Clipboard.cpp">
      <Filter>Source Files\agui</Filter>
    </ClCompile>
    <ClCompile Include="..\Agui-master\src\Agui\Color.cpp">
      <Filter>Source Files\agui</Filter>
    </ClCompile>
    <ClCompile Include="..\Agui-master\src\Agui\CursorProvider.cpp">
      <Filter>Source Files\agui</Filter>
    </ClCompile>
    <ClCompile Include="..\Agui-master\src\Agui\Dimension.cpp">
      <Filter>Source Files\agui</Filter>
    </ClCompile>
    <ClCompile Include="..\Agui-master\src\Agui\Widgets\DropDown\DropDown.cpp">
      <Filter>Source Files\agui</Filter>
    </ClCompile>
    <ClCompile Include="..\Agui-master\src\Agui\Widgets\DropDown\DropDownListener.cpp">
      <Filter>Source Files\agui</Filter>
    </ClCompile>
    <ClCompile Include="..\Agui-master\src\Agui\EmptyWidget.cpp">
      <Filter>Source Files\agui</Filter>
    </ClCompile>
    <ClCompile Include="..\Agui-master\src\Agui\EventArgs.cpp">
      <Filter>Source Files\agui</Filter>
    </ClCompile>
    <ClCompile Include="..\Agui-master\src\Agui\Widgets\TextBox\ExtendedTextBox.cpp">
      <Filter>Source Files\agui</Filter>
    </ClCompile>
    <ClCompile Include="..\Agui-master\src\Agui\FlowLayout.cpp">
      <Filter>Source Files\agui</Filter>
    </ClCompile>
    <ClCompile Include="..\Agui-master\src\Agui\FocusListener.cpp">
      <Filter>Source Files\agui</Filter>
    </ClCompile>
    <ClCompile Include="..\Agui-master\src\Agui\FocusManager.cpp">
      <Filter>Source Files\agui</Filter>
    </ClCompile>
    <ClCompile Include="..\Agui-master\src\Agui\Font.cpp">
      <Filter>Source Files\agui</Filter>
    </ClCompile>
    <ClCompile Include="..\Agui-master\src\Agui\Widgets\Frame\Frame.cpp">
      <Filter>Source Files\agui</Filter>
    </ClCompile>
    <ClCompile Include="..\Agui-master\src\Agui\Widgets\Frame\FrameListener.cpp">
      <Filter>Source Files\agui</Filter>
    </ClCompile>
    <ClCompile Include="..\Agui-master\src\Agui\Graphics.cpp">
      <Filter>Source Files\agui</Filter>
    </ClCompile>
    <ClCompile Include="..\Agui-master\src\Agui\GridLayout.cpp">
      <Filter>Source Files\agui</Filter>
    </ClCompile>
    <ClCompile Include="..\Agui-master\src\Agui\Gui.cpp">
      <Filter>Source Files\agui</Filter>
    </ClCompile>
    <ClCompile Include="..\Agui-master\src\Agui\Widgets\ScrollBar\HScrollBar.cpp">
      <Filter>Source Files\agui</Filter>
    </ClCompile>
    <ClCompile Include="..\Agui-master\src\Agui\Widgets\ScrollBar\HScrollBarListener.cpp">
      <Filter>Source Files\agui</Filter>
    </ClCompile>
    <ClCompile Include="..\Agui-master\src\Agui\Image.cpp">
      <Filter>Source Files\agui</Filter>
    </ClCompile>
    <ClCompile Include="..\Agui-master\src\Agui\Widgets\ImageWidget\ImageWidget.cpp">
      <Filter>Source Files\agui</Filter>
    </ClCompile>
    <ClCompile Include="..\Agui-master\src\Agui\Input.cpp">
      <Filter>Source Files\agui</Filter>
    </ClCompile>
    <ClCompile Include="..\Agui-master\src\Agui\KeyboardListener.cpp">
      <Filter>Source Files\agui</Filter>
    </ClCompile>
    <ClCompile Include="..\Agui-master\src\Agui\Widgets\Label\Label.cpp">
      <Filter>Source Files\agui</Filter>
    </ClCompile>
    <ClCompile Include="..\Agui-master\src\Agui\Widgets\Label\LabelListener.cpp">
      <Filter>Source Files\agui</Filter>
    </ClCompile>
    <ClCompile Include="..\Agui-master\src\Agui\Layout.cpp">
      <Filter>Source Files\agui</Filter>
    </ClCompile>
    <ClCompile Include="..\Agui-master\src\Agui\Widgets\ListBox\ListBox.cpp">
      <Filter>Source Files\agui</Filter>
    </ClCompile>
    <ClCompile Include="..\Agui-master\src\Agui\Widgets\ListBox\ListBoxListener.cpp">
      <Filter>Source Files\agui</Filter>
    </ClCompile>
    <ClCompile Include="..\Agui-master\src\Agui\MouseListener.cpp">
      <Filter>Source Files\agui</Filter>
    </ClCompile>
    <ClCompile Include="..\Agui-master\src\Agui\Point.cpp">
      <Filter>Source Files\agui</Filter>
    </ClCompile>
    <ClCompile Include="..\Agui-master\src\Agui\Widgets\PopUp\PopUpMenu.cpp">
      <Filter>Source Files\agui</Filter>
    </ClCompile>
    <ClCompile Include="..\Agui-master\src\Agui\Widgets\PopUp\PopUpMenuItem.cpp">
      <Filter>Source Files\agui</Filter>
    </ClCompile>
    <ClCompile Include="..\Agui-master\src\Agui\Widgets\RadioButton\RadioButton.cpp">
      <Filter>Source Files\agui</Filter>
    </ClCompile>
    <ClCompile Include="..\Agui-master\src\Agui\Widgets\RadioButton\RadioButtonGroup.cpp">
      <Filter>Source Files\agui</Filter>
    </ClCompile>
    <ClCompile Include="..\Agui-master\src\Agui\Widgets\RadioButton\RadioButtonListener.cpp">
      <Filter>Source Files\agui</Filter>
    </ClCompile>
    <ClCompile Include="..\Agui-master\src\Agui\Rectangle.cpp">
      <Filter>Source Files\agui</Filter>
    </ClCompile>
    <ClCompile Include="..\Agui-master\src\Agui\ResizableBorderLayout.cpp">
      <Filter>Source Files\agui</Filter>
    </ClCompile>
    <ClCompile Include="..\Agui-master\src\Agui\ResizableText.cpp">
      <Filter>Source Files\agui</Filter>
    </ClCompile>
    <ClCompile Include="..\Agui-master\src\Agui\Widgets\ScrollPane\ScrollPane.cpp">
      <Filter>Source Files\agui</Filter>
    </ClCompile>
    <ClCompile Include="..\Agui-master\src\Agui\SelectionListener.cpp">
      <Filter>Source Files\agui</Filter>
    </ClCompile>
    <ClCompile Include="..\Agui-master\src\Agui\Widgets\Slider\Slider.cpp">
      <Filter>Source Files\agui</Filter>
    </ClCompile>
    <ClCompile Include="..\Agui-master\src\Agui\Widgets\Slider\SliderListener.cpp">
      <Filter>Source Files\agui</Filter>
    </ClCompile>
    <ClCompile Include="..\Agui-master\src\Agui\Widgets\Tab\Tab.cpp">
      <Filter>Source Files\agui</Filter>
    </ClCompile>
    <ClCompile Include="..\Agui-master\src\Agui\Widgets\Tab\TabbedPane.cpp">
      <Filter>Source Files\agui</Filter>
    </ClCompile>
    <ClCompile Include="..\Agui-master\src\Agui\Widgets\Tab\TabbedPaneListener.cpp">
      <Filter>Source Files\agui</Filter>
    </ClCompile>
    <ClCompile Include="..\Agui-master\src\Agui\TableLayout.cpp">
      <Filter>Source Files\agui</Filter>
    </ClCompile>
    <ClCompile Include="..\Agui-master\src\Agui\TapListener.cpp">
      <Filter>Source Files\agui</Filter>
    </ClCompile>
    <ClCompile Include="..\Agui-master\src\Agui\Widgets\TextBox\TextBox.cpp">
      <Filter>Source Files\agui</Filter>
    </ClCompile>
    <ClCompile Include="..\Agui-master\src\Agui\Widgets\TextBox\TextBoxListener.cpp">
      <Filter>Source Files\agui</Filter>
    </ClCompile>
    <ClCompile Include="..\Agui-master\src\Agui\Widgets\TextField\TextField.cpp">
      <Filter>Source Files\agui</Filter>
    </ClCompile>
    <ClCompile Include="..\Agui-master\src\Agui\Widgets\TextField\TextFieldListener.cpp">
      <Filter>Source Files\agui</Filter>
    </ClCompile>
    <ClCompile Include="..\Agui-master\src\Agui\Widgets\ToolTip\ToolTip.cpp">
      <Filter>Source Files\agui</Filter>
    </ClCompile>
    <ClCompile Include="..\Agui-master\src\Agui\TopContainer.cpp">
      <Filter>Source Files\agui</Filter>
    </ClCompile>
    <ClCompile Include="..\Agui-master\src\Agui\Transform.cpp">
      <Filter>Source Files\agui</Filter>
    </ClCompile>
    <ClCompile Include="..\Agui-master\src\Agui\Widgets\ScrollBar\VScrollBar.cpp">
      <Filter>Source Files\agui</Filter>
    </ClCompile>
    <ClCompile Include="..\Agui-master\src\Agui\Widget.cpp">
      <Filter>Source Files\agui</Filter>
    </ClCompile>
    <ClCompile Include="..\Agui-master\src\Agui\WidgetListener.cpp">
      <Filter>Source Files\agui</Filter>
    </ClCompile>
    <ClCompile Include="..\Agui-master\src\Agui\Clipboard\WinClipboard.cpp">
      <Filter>Source Files\agui</Filter>
    </ClCompile>
    <ClCompile Include="..\Agui-master\src\Agui\Widgets\ScrollBar\VScrollBarListener.cpp">
      <Filter>Source Files\agui</Filter>
    </ClCompile>
    <ClCompile Include="diff_plotter.cpp">
      <Filter>Source Files</Filter>
    </ClCompile>
    <ClCompile Include="graph_display_data.cpp">
      <Filter>Source Files</Filter>
    </ClCompile>
    <ClCompile Include="timeline.cpp">
      <Filter>Source Files</Filter>
    </ClCompile>
    <ClCompile Include="animControls.cpp">
      <Filter>Source Files\interface</Filter>
    </ClCompile>
    <ClCompile Include="diffWindow.cpp">
      <Filter>Source Files\interface</Filter>
    </ClCompile>
    <ClCompile Include="highlightWindow.cpp">
      <Filter>Source Files\interface</Filter>
    </ClCompile>
    <ClCompile Include="preview_pane.cpp">
      <Filter>Source Files\interface</Filter>
    </ClCompile>
    <ClCompile Include="render_conditional_thread.cpp">
      <Filter>Source Files\threads</Filter>
    </ClCompile>
    <ClCompile Include="render_heatmap_thread.cpp">
      <Filter>Source Files\threads</Filter>
    </ClCompile>
    <ClCompile Include="render_preview_thread.cpp">
      <Filter>Source Files\threads</Filter>
    </ClCompile>
    <ClCompile Include="basicblock_handler.cpp">
      <Filter>Source Files\threads</Filter>
    </ClCompile>
    <ClCompile Include="module_handler.cpp">
      <Filter>Source Files\threads</Filter>
    </ClCompile>
    <ClCompile Include="trace_handler.cpp">
      <Filter>Source Files\threads</Filter>
    </ClCompile>
    <ClCompile Include="exeWindow.cpp">
      <Filter>Source Files\interface</Filter>
    </ClCompile>
    <ClCompile Include="osSpecific.cpp">
      <Filter>Source Files</Filter>
    </ClCompile>
  </ItemGroup>
  <ItemGroup>
    <None Include="packages.config" />
  </ItemGroup>
  <ItemGroup>
    <ResourceCompile Include="tracevis.rc">
      <Filter>Resource Files</Filter>
    </ResourceCompile>
  </ItemGroup>
</Project>